// !$*UTF8*$!
{
	archiveVersion = 1;
	classes = {
	};
	objectVersion = 50;
	objects = {

/* Begin PBXBuildFile section */
		F016903B2106F40D00E0C60A /* HorizontalLabelView.swift in Sources */ = {isa = PBXBuildFile; fileRef = F016903A2106F40D00E0C60A /* HorizontalLabelView.swift */; };
		F01690612106F9C400E0C60A /* HUDViewTool.swift in Sources */ = {isa = PBXBuildFile; fileRef = F016905F2106F9C400E0C60A /* HUDViewTool.swift */; };
		F01690622106F9C400E0C60A /* HUDViewTool.xib in Resources */ = {isa = PBXBuildFile; fileRef = F01690602106F9C400E0C60A /* HUDViewTool.xib */; };
		F01690692106FB9D00E0C60A /* AlertViewTool.xib in Resources */ = {isa = PBXBuildFile; fileRef = F01690672106FB9D00E0C60A /* AlertViewTool.xib */; };
		F016906A2106FB9D00E0C60A /* AlertViewTool.swift in Sources */ = {isa = PBXBuildFile; fileRef = F01690682106FB9D00E0C60A /* AlertViewTool.swift */; };
		F016906C2106FBDF00E0C60A /* AlertSheetTool.swift in Sources */ = {isa = PBXBuildFile; fileRef = F016906B2106FBDF00E0C60A /* AlertSheetTool.swift */; };
		F016906E210704FA00E0C60A /* Badge+Ext.swift in Sources */ = {isa = PBXBuildFile; fileRef = F016906D210704FA00E0C60A /* Badge+Ext.swift */; };
		F01690712107232600E0C60A /* VerticalADView.swift in Sources */ = {isa = PBXBuildFile; fileRef = F01690702107232600E0C60A /* VerticalADView.swift */; };
		F016907321072A1D00E0C60A /* HorizontalADView.swift in Sources */ = {isa = PBXBuildFile; fileRef = F016907221072A1D00E0C60A /* HorizontalADView.swift */; };
		F01EC3F821083FC000AE2D11 /* BarrageView.swift in Sources */ = {isa = PBXBuildFile; fileRef = F01EC3F721083FC000AE2D11 /* BarrageView.swift */; };
		F01EC3FC210879BD00AE2D11 /* CalendarView.swift in Sources */ = {isa = PBXBuildFile; fileRef = F01EC3FB210879BD00AE2D11 /* CalendarView.swift */; };
		F021414621056CC40067D1E5 /* CameraListViewController.swift in Sources */ = {isa = PBXBuildFile; fileRef = F021414521056CC40067D1E5 /* CameraListViewController.swift */; };
		F0412021210079BB0003F7A2 /* Timer+Ext.swift in Sources */ = {isa = PBXBuildFile; fileRef = F0412020210079BB0003F7A2 /* Timer+Ext.swift */; };
		F054045321002C9600E3EF87 /* PushFromStr+Ext.swift in Sources */ = {isa = PBXBuildFile; fileRef = F054045221002C9600E3EF87 /* PushFromStr+Ext.swift */; };
		F0561C2F2101BA950007496F /* UILabel+Ext.swift in Sources */ = {isa = PBXBuildFile; fileRef = F0561C2E2101BA950007496F /* UILabel+Ext.swift */; };
		F0561C312101CFED0007496F /* Localized+Ext.swift in Sources */ = {isa = PBXBuildFile; fileRef = F0561C302101CFED0007496F /* Localized+Ext.swift */; };
		F0561C372101DBCA0007496F /* LanguageTool.swift in Sources */ = {isa = PBXBuildFile; fileRef = F0561C362101DBCA0007496F /* LanguageTool.swift */; };
		F0561C3A2101DC5C0007496F /* Localizable.strings in Resources */ = {isa = PBXBuildFile; fileRef = F0561C3C2101DC5C0007496F /* Localizable.strings */; };
		F0561C3F2101DEF50007496F /* CameraTool.swift in Sources */ = {isa = PBXBuildFile; fileRef = F0561C3E2101DEF50007496F /* CameraTool.swift */; };
		F0561C412101E6590007496F /* CameraViewController.swift in Sources */ = {isa = PBXBuildFile; fileRef = F0561C402101E6590007496F /* CameraViewController.swift */; };
		F077773520F2FC39003D7BD8 /* AppDelegate.swift in Sources */ = {isa = PBXBuildFile; fileRef = F077773420F2FC39003D7BD8 /* AppDelegate.swift */; };
		F077773720F2FC39003D7BD8 /* ViewController.swift in Sources */ = {isa = PBXBuildFile; fileRef = F077773620F2FC39003D7BD8 /* ViewController.swift */; };
		F077773A20F2FC39003D7BD8 /* Main.storyboard in Resources */ = {isa = PBXBuildFile; fileRef = F077773820F2FC39003D7BD8 /* Main.storyboard */; };
		F077773C20F2FC3A003D7BD8 /* Assets.xcassets in Resources */ = {isa = PBXBuildFile; fileRef = F077773B20F2FC3A003D7BD8 /* Assets.xcassets */; };
		F077773F20F2FC3A003D7BD8 /* LaunchScreen.storyboard in Resources */ = {isa = PBXBuildFile; fileRef = F077773D20F2FC3A003D7BD8 /* LaunchScreen.storyboard */; };
		F085C4822109576B00CB0D2B /* BottomView.swift in Sources */ = {isa = PBXBuildFile; fileRef = F085C4812109576B00CB0D2B /* BottomView.swift */; };
		F085C4842109577D00CB0D2B /* BottomView.xib in Resources */ = {isa = PBXBuildFile; fileRef = F085C4832109577D00CB0D2B /* BottomView.xib */; };
		F085C4872109606E00CB0D2B /* SpecialView.xib in Resources */ = {isa = PBXBuildFile; fileRef = F085C4852109606D00CB0D2B /* SpecialView.xib */; };
		F085C4882109606E00CB0D2B /* SpecialView.swift in Sources */ = {isa = PBXBuildFile; fileRef = F085C4862109606D00CB0D2B /* SpecialView.swift */; };
		F085C48A21096E6F00CB0D2B /* CalendarView.xib in Resources */ = {isa = PBXBuildFile; fileRef = F085C48921096E6F00CB0D2B /* CalendarView.xib */; };
		F0B5D59C20FED64F00F642B1 /* AuthorityTool.swift in Sources */ = {isa = PBXBuildFile; fileRef = F0B5D58520FED64F00F642B1 /* AuthorityTool.swift */; };
		F0B5D59D20FED64F00F642B1 /* VideoPlayer.swift in Sources */ = {isa = PBXBuildFile; fileRef = F0B5D58620FED64F00F642B1 /* VideoPlayer.swift */; };
		F0B5D59E20FED64F00F642B1 /* kSaveDataTool.swift in Sources */ = {isa = PBXBuildFile; fileRef = F0B5D58720FED64F00F642B1 /* kSaveDataTool.swift */; };
		F0B5D59F20FED64F00F642B1 /* SliderDrawerViewController.swift in Sources */ = {isa = PBXBuildFile; fileRef = F0B5D58820FED64F00F642B1 /* SliderDrawerViewController.swift */; };
		F0B5D5A120FED64F00F642B1 /* CircleImageView.swift in Sources */ = {isa = PBXBuildFile; fileRef = F0B5D58A20FED64F00F642B1 /* CircleImageView.swift */; };
		F0B5D5A220FED64F00F642B1 /* FalseNavBarView.swift in Sources */ = {isa = PBXBuildFile; fileRef = F0B5D58B20FED64F00F642B1 /* FalseNavBarView.swift */; };
		F0B5D5A320FED64F00F642B1 /* UITextView+Ext.swift in Sources */ = {isa = PBXBuildFile; fileRef = F0B5D58D20FED64F00F642B1 /* UITextView+Ext.swift */; };
		F0B5D5A420FED64F00F642B1 /* UIImage+Ext.swift in Sources */ = {isa = PBXBuildFile; fileRef = F0B5D58E20FED64F00F642B1 /* UIImage+Ext.swift */; };
		F0B5D5A520FED64F00F642B1 /* Date+Ext.swift in Sources */ = {isa = PBXBuildFile; fileRef = F0B5D58F20FED64F00F642B1 /* Date+Ext.swift */; };
		F0B5D5A620FED64F00F642B1 /* UITableView+Ext.swift in Sources */ = {isa = PBXBuildFile; fileRef = F0B5D59020FED64F00F642B1 /* UITableView+Ext.swift */; };
		F0B5D5A720FED64F00F642B1 /* AppDelegate+Push.swift in Sources */ = {isa = PBXBuildFile; fileRef = F0B5D59120FED64F00F642B1 /* AppDelegate+Push.swift */; };
		F0B5D5A820FED64F00F642B1 /* UIIImageView+Ext.swift in Sources */ = {isa = PBXBuildFile; fileRef = F0B5D59220FED64F00F642B1 /* UIIImageView+Ext.swift */; };
		F0B5D5A920FED64F00F642B1 /* UIBarButtonItem+Ext.swift in Sources */ = {isa = PBXBuildFile; fileRef = F0B5D59320FED64F00F642B1 /* UIBarButtonItem+Ext.swift */; };
		F0B5D5AA20FED64F00F642B1 /* UIButton+Ext.swift in Sources */ = {isa = PBXBuildFile; fileRef = F0B5D59420FED64F00F642B1 /* UIButton+Ext.swift */; };
		F0B5D5AB20FED64F00F642B1 /* String+Ext.swift in Sources */ = {isa = PBXBuildFile; fileRef = F0B5D59520FED64F00F642B1 /* String+Ext.swift */; };
		F0B5D5AC20FED64F00F642B1 /* UIColor+Ext.swift in Sources */ = {isa = PBXBuildFile; fileRef = F0B5D59620FED64F00F642B1 /* UIColor+Ext.swift */; };
		F0B5D5AD20FED64F00F642B1 /* DispatchQueue+Ext.swift in Sources */ = {isa = PBXBuildFile; fileRef = F0B5D59720FED64F00F642B1 /* DispatchQueue+Ext.swift */; };
		F0B5D5AE20FED64F00F642B1 /* Number+Ext.swift in Sources */ = {isa = PBXBuildFile; fileRef = F0B5D59820FED64F00F642B1 /* Number+Ext.swift */; };
		F0B5D5AF20FED64F00F642B1 /* ExtensionTool.swift in Sources */ = {isa = PBXBuildFile; fileRef = F0B5D59920FED64F00F642B1 /* ExtensionTool.swift */; };
		F0B5D5B020FED64F00F642B1 /* UIViewController+Ext.swift in Sources */ = {isa = PBXBuildFile; fileRef = F0B5D59A20FED64F00F642B1 /* UIViewController+Ext.swift */; };
		F0B5D5B120FED64F00F642B1 /* UIView+Ext.swift in Sources */ = {isa = PBXBuildFile; fileRef = F0B5D59B20FED64F00F642B1 /* UIView+Ext.swift */; };
		F0B5D5BF20FF2F8500F642B1 /* NotificationCenter+Ext.swift in Sources */ = {isa = PBXBuildFile; fileRef = F0B5D5BE20FF2F8500F642B1 /* NotificationCenter+Ext.swift */; };
		F0B5D5C120FF409600F642B1 /* UIScrollView+Ext.swift in Sources */ = {isa = PBXBuildFile; fileRef = F0B5D5C020FF409600F642B1 /* UIScrollView+Ext.swift */; };
		F0C452A42105715A00571B0A /* CameraPreviewViewController.swift in Sources */ = {isa = PBXBuildFile; fileRef = F0C452A32105715A00571B0A /* CameraPreviewViewController.swift */; };
		F0D686672106D8360098B388 /* VerticalLabelView.swift in Sources */ = {isa = PBXBuildFile; fileRef = F0D686662106D8360098B388 /* VerticalLabelView.swift */; };
/* End PBXBuildFile section */

/* Begin PBXFileReference section */
		F016903A2106F40D00E0C60A /* HorizontalLabelView.swift */ = {isa = PBXFileReference; lastKnownFileType = sourcecode.swift; path = HorizontalLabelView.swift; sourceTree = "<group>"; };
		F016905F2106F9C400E0C60A /* HUDViewTool.swift */ = {isa = PBXFileReference; fileEncoding = 4; lastKnownFileType = sourcecode.swift; path = HUDViewTool.swift; sourceTree = "<group>"; };
		F01690602106F9C400E0C60A /* HUDViewTool.xib */ = {isa = PBXFileReference; fileEncoding = 4; lastKnownFileType = file.xib; path = HUDViewTool.xib; sourceTree = "<group>"; };
		F01690672106FB9D00E0C60A /* AlertViewTool.xib */ = {isa = PBXFileReference; fileEncoding = 4; lastKnownFileType = file.xib; path = AlertViewTool.xib; sourceTree = "<group>"; };
		F01690682106FB9D00E0C60A /* AlertViewTool.swift */ = {isa = PBXFileReference; fileEncoding = 4; lastKnownFileType = sourcecode.swift; path = AlertViewTool.swift; sourceTree = "<group>"; };
		F016906B2106FBDF00E0C60A /* AlertSheetTool.swift */ = {isa = PBXFileReference; lastKnownFileType = sourcecode.swift; path = AlertSheetTool.swift; sourceTree = "<group>"; };
		F016906D210704FA00E0C60A /* Badge+Ext.swift */ = {isa = PBXFileReference; lastKnownFileType = sourcecode.swift; path = "Badge+Ext.swift"; sourceTree = "<group>"; };
		F01690702107232600E0C60A /* VerticalADView.swift */ = {isa = PBXFileReference; lastKnownFileType = sourcecode.swift; path = VerticalADView.swift; sourceTree = "<group>"; };
		F016907221072A1D00E0C60A /* HorizontalADView.swift */ = {isa = PBXFileReference; lastKnownFileType = sourcecode.swift; path = HorizontalADView.swift; sourceTree = "<group>"; };
		F01EC3EC21081C2200AE2D11 /* Swift-OCHeader.h */ = {isa = PBXFileReference; lastKnownFileType = sourcecode.c.h; path = "Swift-OCHeader.h"; sourceTree = "<group>"; };
		F01EC3F721083FC000AE2D11 /* BarrageView.swift */ = {isa = PBXFileReference; lastKnownFileType = sourcecode.swift; path = BarrageView.swift; sourceTree = "<group>"; };
		F01EC3FB210879BD00AE2D11 /* CalendarView.swift */ = {isa = PBXFileReference; lastKnownFileType = sourcecode.swift; path = CalendarView.swift; sourceTree = "<group>"; };
		F021414521056CC40067D1E5 /* CameraListViewController.swift */ = {isa = PBXFileReference; lastKnownFileType = sourcecode.swift; path = CameraListViewController.swift; sourceTree = "<group>"; };
		F0412020210079BB0003F7A2 /* Timer+Ext.swift */ = {isa = PBXFileReference; lastKnownFileType = sourcecode.swift; path = "Timer+Ext.swift"; sourceTree = "<group>"; };
		F04930F920F4A08700787CC8 /* ExtensionTool.entitlements */ = {isa = PBXFileReference; lastKnownFileType = text.plist.entitlements; path = ExtensionTool.entitlements; sourceTree = "<group>"; };
		F054045221002C9600E3EF87 /* PushFromStr+Ext.swift */ = {isa = PBXFileReference; lastKnownFileType = sourcecode.swift; path = "PushFromStr+Ext.swift"; sourceTree = "<group>"; };
		F0561C2E2101BA950007496F /* UILabel+Ext.swift */ = {isa = PBXFileReference; lastKnownFileType = sourcecode.swift; path = "UILabel+Ext.swift"; sourceTree = "<group>"; };
		F0561C302101CFED0007496F /* Localized+Ext.swift */ = {isa = PBXFileReference; fileEncoding = 4; lastKnownFileType = sourcecode.swift; path = "Localized+Ext.swift"; sourceTree = "<group>"; };
		F0561C362101DBCA0007496F /* LanguageTool.swift */ = {isa = PBXFileReference; fileEncoding = 4; lastKnownFileType = sourcecode.swift; path = LanguageTool.swift; sourceTree = "<group>"; };
		F0561C3B2101DC5C0007496F /* en */ = {isa = PBXFileReference; lastKnownFileType = text.plist.strings; name = en; path = en.lproj/Localizable.strings; sourceTree = "<group>"; };
		F0561C3D2101DC670007496F /* zh-Hans */ = {isa = PBXFileReference; lastKnownFileType = text.plist.strings; name = "zh-Hans"; path = "zh-Hans.lproj/Localizable.strings"; sourceTree = "<group>"; };
		F0561C3E2101DEF50007496F /* CameraTool.swift */ = {isa = PBXFileReference; lastKnownFileType = sourcecode.swift; path = CameraTool.swift; sourceTree = "<group>"; };
		F0561C402101E6590007496F /* CameraViewController.swift */ = {isa = PBXFileReference; lastKnownFileType = sourcecode.swift; path = CameraViewController.swift; sourceTree = "<group>"; };
		F077773120F2FC39003D7BD8 /* ExtensionTool.app */ = {isa = PBXFileReference; explicitFileType = wrapper.application; includeInIndex = 0; path = ExtensionTool.app; sourceTree = BUILT_PRODUCTS_DIR; };
		F077773420F2FC39003D7BD8 /* AppDelegate.swift */ = {isa = PBXFileReference; lastKnownFileType = sourcecode.swift; path = AppDelegate.swift; sourceTree = "<group>"; };
		F077773620F2FC39003D7BD8 /* ViewController.swift */ = {isa = PBXFileReference; lastKnownFileType = sourcecode.swift; path = ViewController.swift; sourceTree = "<group>"; };
		F077773920F2FC39003D7BD8 /* Base */ = {isa = PBXFileReference; lastKnownFileType = file.storyboard; name = Base; path = Base.lproj/Main.storyboard; sourceTree = "<group>"; };
		F077773B20F2FC3A003D7BD8 /* Assets.xcassets */ = {isa = PBXFileReference; lastKnownFileType = folder.assetcatalog; path = Assets.xcassets; sourceTree = "<group>"; };
		F077773E20F2FC3A003D7BD8 /* Base */ = {isa = PBXFileReference; lastKnownFileType = file.storyboard; name = Base; path = Base.lproj/LaunchScreen.storyboard; sourceTree = "<group>"; };
		F077774020F2FC3A003D7BD8 /* Info.plist */ = {isa = PBXFileReference; lastKnownFileType = text.plist.xml; path = Info.plist; sourceTree = "<group>"; };
		F085C4812109576B00CB0D2B /* BottomView.swift */ = {isa = PBXFileReference; fileEncoding = 4; lastKnownFileType = sourcecode.swift; path = BottomView.swift; sourceTree = "<group>"; };
		F085C4832109577D00CB0D2B /* BottomView.xib */ = {isa = PBXFileReference; lastKnownFileType = file.xib; path = BottomView.xib; sourceTree = "<group>"; };
		F085C4852109606D00CB0D2B /* SpecialView.xib */ = {isa = PBXFileReference; fileEncoding = 4; lastKnownFileType = file.xib; path = SpecialView.xib; sourceTree = "<group>"; };
		F085C4862109606D00CB0D2B /* SpecialView.swift */ = {isa = PBXFileReference; fileEncoding = 4; lastKnownFileType = sourcecode.swift; path = SpecialView.swift; sourceTree = "<group>"; };
		F085C48921096E6F00CB0D2B /* CalendarView.xib */ = {isa = PBXFileReference; lastKnownFileType = file.xib; path = CalendarView.xib; sourceTree = "<group>"; };
		F0B5D58520FED64F00F642B1 /* AuthorityTool.swift */ = {isa = PBXFileReference; fileEncoding = 4; lastKnownFileType = sourcecode.swift; path = AuthorityTool.swift; sourceTree = "<group>"; };
		F0B5D58620FED64F00F642B1 /* VideoPlayer.swift */ = {isa = PBXFileReference; fileEncoding = 4; lastKnownFileType = sourcecode.swift; path = VideoPlayer.swift; sourceTree = "<group>"; };
		F0B5D58720FED64F00F642B1 /* kSaveDataTool.swift */ = {isa = PBXFileReference; fileEncoding = 4; lastKnownFileType = sourcecode.swift; path = kSaveDataTool.swift; sourceTree = "<group>"; };
		F0B5D58820FED64F00F642B1 /* SliderDrawerViewController.swift */ = {isa = PBXFileReference; fileEncoding = 4; lastKnownFileType = sourcecode.swift; path = SliderDrawerViewController.swift; sourceTree = "<group>"; };
		F0B5D58A20FED64F00F642B1 /* CircleImageView.swift */ = {isa = PBXFileReference; fileEncoding = 4; lastKnownFileType = sourcecode.swift; path = CircleImageView.swift; sourceTree = "<group>"; };
		F0B5D58B20FED64F00F642B1 /* FalseNavBarView.swift */ = {isa = PBXFileReference; fileEncoding = 4; lastKnownFileType = sourcecode.swift; path = FalseNavBarView.swift; sourceTree = "<group>"; };
		F0B5D58D20FED64F00F642B1 /* UITextView+Ext.swift */ = {isa = PBXFileReference; fileEncoding = 4; lastKnownFileType = sourcecode.swift; path = "UITextView+Ext.swift"; sourceTree = "<group>"; };
		F0B5D58E20FED64F00F642B1 /* UIImage+Ext.swift */ = {isa = PBXFileReference; fileEncoding = 4; lastKnownFileType = sourcecode.swift; path = "UIImage+Ext.swift"; sourceTree = "<group>"; };
		F0B5D58F20FED64F00F642B1 /* Date+Ext.swift */ = {isa = PBXFileReference; fileEncoding = 4; lastKnownFileType = sourcecode.swift; path = "Date+Ext.swift"; sourceTree = "<group>"; };
		F0B5D59020FED64F00F642B1 /* UITableView+Ext.swift */ = {isa = PBXFileReference; fileEncoding = 4; lastKnownFileType = sourcecode.swift; path = "UITableView+Ext.swift"; sourceTree = "<group>"; };
		F0B5D59120FED64F00F642B1 /* AppDelegate+Push.swift */ = {isa = PBXFileReference; fileEncoding = 4; lastKnownFileType = sourcecode.swift; path = "AppDelegate+Push.swift"; sourceTree = "<group>"; };
		F0B5D59220FED64F00F642B1 /* UIIImageView+Ext.swift */ = {isa = PBXFileReference; fileEncoding = 4; lastKnownFileType = sourcecode.swift; path = "UIIImageView+Ext.swift"; sourceTree = "<group>"; };
		F0B5D59320FED64F00F642B1 /* UIBarButtonItem+Ext.swift */ = {isa = PBXFileReference; fileEncoding = 4; lastKnownFileType = sourcecode.swift; path = "UIBarButtonItem+Ext.swift"; sourceTree = "<group>"; };
		F0B5D59420FED64F00F642B1 /* UIButton+Ext.swift */ = {isa = PBXFileReference; fileEncoding = 4; lastKnownFileType = sourcecode.swift; path = "UIButton+Ext.swift"; sourceTree = "<group>"; };
		F0B5D59520FED64F00F642B1 /* String+Ext.swift */ = {isa = PBXFileReference; fileEncoding = 4; lastKnownFileType = sourcecode.swift; path = "String+Ext.swift"; sourceTree = "<group>"; };
		F0B5D59620FED64F00F642B1 /* UIColor+Ext.swift */ = {isa = PBXFileReference; fileEncoding = 4; lastKnownFileType = sourcecode.swift; path = "UIColor+Ext.swift"; sourceTree = "<group>"; };
		F0B5D59720FED64F00F642B1 /* DispatchQueue+Ext.swift */ = {isa = PBXFileReference; fileEncoding = 4; lastKnownFileType = sourcecode.swift; path = "DispatchQueue+Ext.swift"; sourceTree = "<group>"; };
		F0B5D59820FED64F00F642B1 /* Number+Ext.swift */ = {isa = PBXFileReference; fileEncoding = 4; lastKnownFileType = sourcecode.swift; path = "Number+Ext.swift"; sourceTree = "<group>"; };
		F0B5D59920FED64F00F642B1 /* ExtensionTool.swift */ = {isa = PBXFileReference; fileEncoding = 4; lastKnownFileType = sourcecode.swift; path = ExtensionTool.swift; sourceTree = "<group>"; };
		F0B5D59A20FED64F00F642B1 /* UIViewController+Ext.swift */ = {isa = PBXFileReference; fileEncoding = 4; lastKnownFileType = sourcecode.swift; path = "UIViewController+Ext.swift"; sourceTree = "<group>"; };
		F0B5D59B20FED64F00F642B1 /* UIView+Ext.swift */ = {isa = PBXFileReference; fileEncoding = 4; lastKnownFileType = sourcecode.swift; path = "UIView+Ext.swift"; sourceTree = "<group>"; };
		F0B5D5BE20FF2F8500F642B1 /* NotificationCenter+Ext.swift */ = {isa = PBXFileReference; fileEncoding = 4; lastKnownFileType = sourcecode.swift; path = "NotificationCenter+Ext.swift"; sourceTree = "<group>"; };
		F0B5D5C020FF409600F642B1 /* UIScrollView+Ext.swift */ = {isa = PBXFileReference; lastKnownFileType = sourcecode.swift; path = "UIScrollView+Ext.swift"; sourceTree = "<group>"; };
		F0C452A32105715A00571B0A /* CameraPreviewViewController.swift */ = {isa = PBXFileReference; lastKnownFileType = sourcecode.swift; path = CameraPreviewViewController.swift; sourceTree = "<group>"; };
		F0D686662106D8360098B388 /* VerticalLabelView.swift */ = {isa = PBXFileReference; lastKnownFileType = sourcecode.swift; path = VerticalLabelView.swift; sourceTree = "<group>"; };
/* End PBXFileReference section */

/* Begin PBXFrameworksBuildPhase section */
		F077772E20F2FC39003D7BD8 /* Frameworks */ = {
			isa = PBXFrameworksBuildPhase;
			buildActionMask = 2147483647;
			files = (
			);
			runOnlyForDeploymentPostprocessing = 0;
		};
/* End PBXFrameworksBuildPhase section */

/* Begin PBXGroup section */
		F016905E2106F9C400E0C60A /* LoadingTool */ = {
			isa = PBXGroup;
			children = (
				F016905F2106F9C400E0C60A /* HUDViewTool.swift */,
				F01690602106F9C400E0C60A /* HUDViewTool.xib */,
				F01690682106FB9D00E0C60A /* AlertViewTool.swift */,
				F01690672106FB9D00E0C60A /* AlertViewTool.xib */,
				F016906B2106FBDF00E0C60A /* AlertSheetTool.swift */,
			);
			path = LoadingTool;
			sourceTree = "<group>";
		};
		F016906F2107231300E0C60A /* ADScrollVIew */ = {
			isa = PBXGroup;
			children = (
				F01EC3EC21081C2200AE2D11 /* Swift-OCHeader.h */,
				F01690702107232600E0C60A /* VerticalADView.swift */,
				F016907221072A1D00E0C60A /* HorizontalADView.swift */,
			);
			path = ADScrollVIew;
			sourceTree = "<group>";
		};
		F01EC3F321082AD800AE2D11 /* LabelTool */ = {
			isa = PBXGroup;
			children = (
				F0D686662106D8360098B388 /* VerticalLabelView.swift */,
				F016903A2106F40D00E0C60A /* HorizontalLabelView.swift */,
			);
			path = LabelTool;
			sourceTree = "<group>";
		};
		F0412040210091A20003F7A2 /* CameraTool */ = {
			isa = PBXGroup;
			children = (
				F0561C3E2101DEF50007496F /* CameraTool.swift */,
				F0561C402101E6590007496F /* CameraViewController.swift */,
				F021414521056CC40067D1E5 /* CameraListViewController.swift */,
				F0C452A32105715A00571B0A /* CameraPreviewViewController.swift */,
			);
			path = CameraTool;
			sourceTree = "<group>";
		};
		F077772820F2FC39003D7BD8 = {
			isa = PBXGroup;
			children = (
				F0561C3C2101DC5C0007496F /* Localizable.strings */,
				F077773320F2FC39003D7BD8 /* ExtensionTool */,
				F077773220F2FC39003D7BD8 /* Products */,
			);
			sourceTree = "<group>";
		};
		F077773220F2FC39003D7BD8 /* Products */ = {
			isa = PBXGroup;
			children = (
				F077773120F2FC39003D7BD8 /* ExtensionTool.app */,
			);
			name = Products;
			sourceTree = "<group>";
		};
		F077773320F2FC39003D7BD8 /* ExtensionTool */ = {
			isa = PBXGroup;
			children = (
				F04930F920F4A08700787CC8 /* ExtensionTool.entitlements */,
				F077773420F2FC39003D7BD8 /* AppDelegate.swift */,
				F077773620F2FC39003D7BD8 /* ViewController.swift */,
				F077773820F2FC39003D7BD8 /* Main.storyboard */,
				F077773B20F2FC3A003D7BD8 /* Assets.xcassets */,
				F077773D20F2FC3A003D7BD8 /* LaunchScreen.storyboard */,
				F077774020F2FC3A003D7BD8 /* Info.plist */,
				F0B5D58420FED64F00F642B1 /* BaseViewTool */,
				F0B5D58C20FED64F00F642B1 /* ExtensionTool */,
			);
			path = ExtensionTool;
			sourceTree = "<group>";
		};
		F085C4802109576B00CB0D2B /* BottomView */ = {
			isa = PBXGroup;
			children = (
				F085C4812109576B00CB0D2B /* BottomView.swift */,
				F085C4832109577D00CB0D2B /* BottomView.xib */,
				F085C4862109606D00CB0D2B /* SpecialView.swift */,
				F085C4852109606D00CB0D2B /* SpecialView.xib */,
			);
			path = BottomView;
			sourceTree = "<group>";
		};
		F0B5D58420FED64F00F642B1 /* BaseViewTool */ = {
			isa = PBXGroup;
			children = (
				F085C4802109576B00CB0D2B /* BottomView */,
				F01EC3F321082AD800AE2D11 /* LabelTool */,
				F016906F2107231300E0C60A /* ADScrollVIew */,
				F016905E2106F9C400E0C60A /* LoadingTool */,
				F0412040210091A20003F7A2 /* CameraTool */,
				F0B5D58520FED64F00F642B1 /* AuthorityTool.swift */,
				F0B5D58620FED64F00F642B1 /* VideoPlayer.swift */,
				F0B5D58720FED64F00F642B1 /* kSaveDataTool.swift */,
				F0B5D58820FED64F00F642B1 /* SliderDrawerViewController.swift */,
				F0B5D58A20FED64F00F642B1 /* CircleImageView.swift */,
				F0B5D58B20FED64F00F642B1 /* FalseNavBarView.swift */,
				F0561C362101DBCA0007496F /* LanguageTool.swift */,
				F01EC3F721083FC000AE2D11 /* BarrageView.swift */,
				F01EC3FB210879BD00AE2D11 /* CalendarView.swift */,
				F085C48921096E6F00CB0D2B /* CalendarView.xib */,
			);
			path = BaseViewTool;
			sourceTree = "<group>";
		};
		F0B5D58C20FED64F00F642B1 /* ExtensionTool */ = {
			isa = PBXGroup;
			children = (
				F0B5D59920FED64F00F642B1 /* ExtensionTool.swift */,
				F0B5D59120FED64F00F642B1 /* AppDelegate+Push.swift */,
				F0B5D59A20FED64F00F642B1 /* UIViewController+Ext.swift */,
				F0B5D59B20FED64F00F642B1 /* UIView+Ext.swift */,
				F0B5D59420FED64F00F642B1 /* UIButton+Ext.swift */,
				F0561C2E2101BA950007496F /* UILabel+Ext.swift */,
				F0B5D58E20FED64F00F642B1 /* UIImage+Ext.swift */,
				F0B5D59220FED64F00F642B1 /* UIIImageView+Ext.swift */,
				F0B5D5C020FF409600F642B1 /* UIScrollView+Ext.swift */,
				F0B5D59020FED64F00F642B1 /* UITableView+Ext.swift */,
				F0B5D58D20FED64F00F642B1 /* UITextView+Ext.swift */,
				F0561C302101CFED0007496F /* Localized+Ext.swift */,
				F0B5D59620FED64F00F642B1 /* UIColor+Ext.swift */,
				F0B5D59320FED64F00F642B1 /* UIBarButtonItem+Ext.swift */,
				F0B5D58F20FED64F00F642B1 /* Date+Ext.swift */,
				F0B5D59820FED64F00F642B1 /* Number+Ext.swift */,
				F0B5D59520FED64F00F642B1 /* String+Ext.swift */,
				F0B5D59720FED64F00F642B1 /* DispatchQueue+Ext.swift */,
				F0B5D5BE20FF2F8500F642B1 /* NotificationCenter+Ext.swift */,
				F054045221002C9600E3EF87 /* PushFromStr+Ext.swift */,
				F0412020210079BB0003F7A2 /* Timer+Ext.swift */,
				F016906D210704FA00E0C60A /* Badge+Ext.swift */,
			);
			path = ExtensionTool;
			sourceTree = "<group>";
		};
/* End PBXGroup section */

/* Begin PBXNativeTarget section */
		F077773020F2FC39003D7BD8 /* ExtensionTool */ = {
			isa = PBXNativeTarget;
			buildConfigurationList = F077774320F2FC3A003D7BD8 /* Build configuration list for PBXNativeTarget "ExtensionTool" */;
			buildPhases = (
				F077772D20F2FC39003D7BD8 /* Sources */,
				F077772E20F2FC39003D7BD8 /* Frameworks */,
				F077772F20F2FC39003D7BD8 /* Resources */,
			);
			buildRules = (
			);
			dependencies = (
			);
			name = ExtensionTool;
			productName = ExtensionTool;
			productReference = F077773120F2FC39003D7BD8 /* ExtensionTool.app */;
			productType = "com.apple.product-type.application";
		};
/* End PBXNativeTarget section */

/* Begin PBXProject section */
		F077772920F2FC39003D7BD8 /* Project object */ = {
			isa = PBXProject;
			attributes = {
				LastSwiftUpdateCheck = 0940;
				LastUpgradeCheck = 0940;
				ORGANIZATIONNAME = ZCC;
				TargetAttributes = {
					F077773020F2FC39003D7BD8 = {
						CreatedOnToolsVersion = 9.4.1;
						SystemCapabilities = {
							com.apple.BackgroundModes = {
								enabled = 1;
							};
							com.apple.Keychain = {
								enabled = 1;
							};
						};
					};
				};
			};
			buildConfigurationList = F077772C20F2FC39003D7BD8 /* Build configuration list for PBXProject "ExtensionTool" */;
			compatibilityVersion = "Xcode 9.3";
			developmentRegion = en;
			hasScannedForEncodings = 0;
			knownRegions = (
				en,
				Base,
				"zh-Hans",
			);
			mainGroup = F077772820F2FC39003D7BD8;
			productRefGroup = F077773220F2FC39003D7BD8 /* Products */;
			projectDirPath = "";
			projectRoot = "";
			targets = (
				F077773020F2FC39003D7BD8 /* ExtensionTool */,
			);
		};
/* End PBXProject section */

/* Begin PBXResourcesBuildPhase section */
		F077772F20F2FC39003D7BD8 /* Resources */ = {
			isa = PBXResourcesBuildPhase;
			buildActionMask = 2147483647;
			files = (
				F01690622106F9C400E0C60A /* HUDViewTool.xib in Resources */,
				F077773F20F2FC3A003D7BD8 /* LaunchScreen.storyboard in Resources */,
				F0561C3A2101DC5C0007496F /* Localizable.strings in Resources */,
				F085C48A21096E6F00CB0D2B /* CalendarView.xib in Resources */,
				F077773C20F2FC3A003D7BD8 /* Assets.xcassets in Resources */,
				F085C4872109606E00CB0D2B /* SpecialView.xib in Resources */,
				F01690692106FB9D00E0C60A /* AlertViewTool.xib in Resources */,
				F085C4842109577D00CB0D2B /* BottomView.xib in Resources */,
				F077773A20F2FC39003D7BD8 /* Main.storyboard in Resources */,
			);
			runOnlyForDeploymentPostprocessing = 0;
		};
/* End PBXResourcesBuildPhase section */

/* Begin PBXSourcesBuildPhase section */
		F077772D20F2FC39003D7BD8 /* Sources */ = {
			isa = PBXSourcesBuildPhase;
			buildActionMask = 2147483647;
			files = (
				F0B5D5AB20FED64F00F642B1 /* String+Ext.swift in Sources */,
				F016907321072A1D00E0C60A /* HorizontalADView.swift in Sources */,
				F0B5D5A120FED64F00F642B1 /* CircleImageView.swift in Sources */,
				F0561C3F2101DEF50007496F /* CameraTool.swift in Sources */,
				F0B5D59E20FED64F00F642B1 /* kSaveDataTool.swift in Sources */,
				F0561C2F2101BA950007496F /* UILabel+Ext.swift in Sources */,
				F01EC3FC210879BD00AE2D11 /* CalendarView.swift in Sources */,
				F01690612106F9C400E0C60A /* HUDViewTool.swift in Sources */,
				F0B5D5A720FED64F00F642B1 /* AppDelegate+Push.swift in Sources */,
				F016906C2106FBDF00E0C60A /* AlertSheetTool.swift in Sources */,
				F0561C312101CFED0007496F /* Localized+Ext.swift in Sources */,
				F0B5D5AE20FED64F00F642B1 /* Number+Ext.swift in Sources */,
				F01EC3F821083FC000AE2D11 /* BarrageView.swift in Sources */,
				F021414621056CC40067D1E5 /* CameraListViewController.swift in Sources */,
				F016903B2106F40D00E0C60A /* HorizontalLabelView.swift in Sources */,
				F0D686672106D8360098B388 /* VerticalLabelView.swift in Sources */,
				F0B5D5B020FED64F00F642B1 /* UIViewController+Ext.swift in Sources */,
				F0C452A42105715A00571B0A /* CameraPreviewViewController.swift in Sources */,
				F0B5D5AC20FED64F00F642B1 /* UIColor+Ext.swift in Sources */,
				F0B5D5AA20FED64F00F642B1 /* UIButton+Ext.swift in Sources */,
				F016906A2106FB9D00E0C60A /* AlertViewTool.swift in Sources */,
				F0B5D5B120FED64F00F642B1 /* UIView+Ext.swift in Sources */,
				F0B5D5C120FF409600F642B1 /* UIScrollView+Ext.swift in Sources */,
				F0B5D5BF20FF2F8500F642B1 /* NotificationCenter+Ext.swift in Sources */,
				F0561C372101DBCA0007496F /* LanguageTool.swift in Sources */,
				F054045321002C9600E3EF87 /* PushFromStr+Ext.swift in Sources */,
				F0B5D59D20FED64F00F642B1 /* VideoPlayer.swift in Sources */,
				F0B5D5A520FED64F00F642B1 /* Date+Ext.swift in Sources */,
				F01690712107232600E0C60A /* VerticalADView.swift in Sources */,
				F016906E210704FA00E0C60A /* Badge+Ext.swift in Sources */,
				F0B5D5A820FED64F00F642B1 /* UIIImageView+Ext.swift in Sources */,
				F077773720F2FC39003D7BD8 /* ViewController.swift in Sources */,
				F085C4882109606E00CB0D2B /* SpecialView.swift in Sources */,
				F0B5D5A620FED64F00F642B1 /* UITableView+Ext.swift in Sources */,
				F0B5D59C20FED64F00F642B1 /* AuthorityTool.swift in Sources */,
				F0B5D59F20FED64F00F642B1 /* SliderDrawerViewController.swift in Sources */,
				F077773520F2FC39003D7BD8 /* AppDelegate.swift in Sources */,
				F085C4822109576B00CB0D2B /* BottomView.swift in Sources */,
				F0B5D5A220FED64F00F642B1 /* FalseNavBarView.swift in Sources */,
				F0B5D5AD20FED64F00F642B1 /* DispatchQueue+Ext.swift in Sources */,
				F0B5D5AF20FED64F00F642B1 /* ExtensionTool.swift in Sources */,
				F0B5D5A320FED64F00F642B1 /* UITextView+Ext.swift in Sources */,
				F0B5D5A920FED64F00F642B1 /* UIBarButtonItem+Ext.swift in Sources */,
				F0561C412101E6590007496F /* CameraViewController.swift in Sources */,
				F0B5D5A420FED64F00F642B1 /* UIImage+Ext.swift in Sources */,
				F0412021210079BB0003F7A2 /* Timer+Ext.swift in Sources */,
			);
			runOnlyForDeploymentPostprocessing = 0;
		};
/* End PBXSourcesBuildPhase section */

/* Begin PBXVariantGroup section */
		F0561C3C2101DC5C0007496F /* Localizable.strings */ = {
			isa = PBXVariantGroup;
			children = (
				F0561C3B2101DC5C0007496F /* en */,
				F0561C3D2101DC670007496F /* zh-Hans */,
			);
			name = Localizable.strings;
			sourceTree = "<group>";
		};
		F077773820F2FC39003D7BD8 /* Main.storyboard */ = {
			isa = PBXVariantGroup;
			children = (
				F077773920F2FC39003D7BD8 /* Base */,
			);
			name = Main.storyboard;
			sourceTree = "<group>";
		};
		F077773D20F2FC3A003D7BD8 /* LaunchScreen.storyboard */ = {
			isa = PBXVariantGroup;
			children = (
				F077773E20F2FC3A003D7BD8 /* Base */,
			);
			name = LaunchScreen.storyboard;
			sourceTree = "<group>";
		};
/* End PBXVariantGroup section */

/* Begin XCBuildConfiguration section */
		F077774120F2FC3A003D7BD8 /* Debug */ = {
			isa = XCBuildConfiguration;
			buildSettings = {
				ALWAYS_SEARCH_USER_PATHS = NO;
				CLANG_ANALYZER_LOCALIZABILITY_NONLOCALIZED = YES;
				CLANG_ANALYZER_NONNULL = YES;
				CLANG_ANALYZER_NUMBER_OBJECT_CONVERSION = YES_AGGRESSIVE;
				CLANG_CXX_LANGUAGE_STANDARD = "gnu++14";
				CLANG_CXX_LIBRARY = "libc++";
				CLANG_ENABLE_MODULES = YES;
				CLANG_ENABLE_OBJC_ARC = YES;
				CLANG_ENABLE_OBJC_WEAK = YES;
				CLANG_WARN_BLOCK_CAPTURE_AUTORELEASING = YES;
				CLANG_WARN_BOOL_CONVERSION = YES;
				CLANG_WARN_COMMA = YES;
				CLANG_WARN_CONSTANT_CONVERSION = YES;
				CLANG_WARN_DEPRECATED_OBJC_IMPLEMENTATIONS = YES;
				CLANG_WARN_DIRECT_OBJC_ISA_USAGE = YES_ERROR;
				CLANG_WARN_DOCUMENTATION_COMMENTS = YES;
				CLANG_WARN_EMPTY_BODY = YES;
				CLANG_WARN_ENUM_CONVERSION = YES;
				CLANG_WARN_INFINITE_RECURSION = YES;
				CLANG_WARN_INT_CONVERSION = YES;
				CLANG_WARN_NON_LITERAL_NULL_CONVERSION = YES;
				CLANG_WARN_OBJC_IMPLICIT_RETAIN_SELF = YES;
				CLANG_WARN_OBJC_LITERAL_CONVERSION = YES;
				CLANG_WARN_OBJC_ROOT_CLASS = YES_ERROR;
				CLANG_WARN_RANGE_LOOP_ANALYSIS = YES;
				CLANG_WARN_STRICT_PROTOTYPES = YES;
				CLANG_WARN_SUSPICIOUS_MOVE = YES;
				CLANG_WARN_UNGUARDED_AVAILABILITY = YES_AGGRESSIVE;
				CLANG_WARN_UNREACHABLE_CODE = YES;
				CLANG_WARN__DUPLICATE_METHOD_MATCH = YES;
				CODE_SIGN_IDENTITY = "iPhone Developer";
				COPY_PHASE_STRIP = NO;
				DEBUG_INFORMATION_FORMAT = dwarf;
				ENABLE_STRICT_OBJC_MSGSEND = YES;
				ENABLE_TESTABILITY = YES;
				GCC_C_LANGUAGE_STANDARD = gnu11;
				GCC_DYNAMIC_NO_PIC = NO;
				GCC_NO_COMMON_BLOCKS = YES;
				GCC_OPTIMIZATION_LEVEL = 0;
				GCC_PREPROCESSOR_DEFINITIONS = (
					"DEBUG=1",
					"$(inherited)",
				);
				GCC_WARN_64_TO_32_BIT_CONVERSION = YES;
				GCC_WARN_ABOUT_RETURN_TYPE = YES_ERROR;
				GCC_WARN_UNDECLARED_SELECTOR = YES;
				GCC_WARN_UNINITIALIZED_AUTOS = YES_AGGRESSIVE;
				GCC_WARN_UNUSED_FUNCTION = YES;
				GCC_WARN_UNUSED_VARIABLE = YES;
				IPHONEOS_DEPLOYMENT_TARGET = 11.4;
				MTL_ENABLE_DEBUG_INFO = YES;
				ONLY_ACTIVE_ARCH = YES;
				SDKROOT = iphoneos;
				SWIFT_ACTIVE_COMPILATION_CONDITIONS = DEBUG;
				SWIFT_OPTIMIZATION_LEVEL = "-Onone";
			};
			name = Debug;
		};
		F077774220F2FC3A003D7BD8 /* Release */ = {
			isa = XCBuildConfiguration;
			buildSettings = {
				ALWAYS_SEARCH_USER_PATHS = NO;
				CLANG_ANALYZER_LOCALIZABILITY_NONLOCALIZED = YES;
				CLANG_ANALYZER_NONNULL = YES;
				CLANG_ANALYZER_NUMBER_OBJECT_CONVERSION = YES_AGGRESSIVE;
				CLANG_CXX_LANGUAGE_STANDARD = "gnu++14";
				CLANG_CXX_LIBRARY = "libc++";
				CLANG_ENABLE_MODULES = YES;
				CLANG_ENABLE_OBJC_ARC = YES;
				CLANG_ENABLE_OBJC_WEAK = YES;
				CLANG_WARN_BLOCK_CAPTURE_AUTORELEASING = YES;
				CLANG_WARN_BOOL_CONVERSION = YES;
				CLANG_WARN_COMMA = YES;
				CLANG_WARN_CONSTANT_CONVERSION = YES;
				CLANG_WARN_DEPRECATED_OBJC_IMPLEMENTATIONS = YES;
				CLANG_WARN_DIRECT_OBJC_ISA_USAGE = YES_ERROR;
				CLANG_WARN_DOCUMENTATION_COMMENTS = YES;
				CLANG_WARN_EMPTY_BODY = YES;
				CLANG_WARN_ENUM_CONVERSION = YES;
				CLANG_WARN_INFINITE_RECURSION = YES;
				CLANG_WARN_INT_CONVERSION = YES;
				CLANG_WARN_NON_LITERAL_NULL_CONVERSION = YES;
				CLANG_WARN_OBJC_IMPLICIT_RETAIN_SELF = YES;
				CLANG_WARN_OBJC_LITERAL_CONVERSION = YES;
				CLANG_WARN_OBJC_ROOT_CLASS = YES_ERROR;
				CLANG_WARN_RANGE_LOOP_ANALYSIS = YES;
				CLANG_WARN_STRICT_PROTOTYPES = YES;
				CLANG_WARN_SUSPICIOUS_MOVE = YES;
				CLANG_WARN_UNGUARDED_AVAILABILITY = YES_AGGRESSIVE;
				CLANG_WARN_UNREACHABLE_CODE = YES;
				CLANG_WARN__DUPLICATE_METHOD_MATCH = YES;
				CODE_SIGN_IDENTITY = "iPhone Developer";
				COPY_PHASE_STRIP = NO;
				DEBUG_INFORMATION_FORMAT = "dwarf-with-dsym";
				ENABLE_NS_ASSERTIONS = NO;
				ENABLE_STRICT_OBJC_MSGSEND = YES;
				GCC_C_LANGUAGE_STANDARD = gnu11;
				GCC_NO_COMMON_BLOCKS = YES;
				GCC_WARN_64_TO_32_BIT_CONVERSION = YES;
				GCC_WARN_ABOUT_RETURN_TYPE = YES_ERROR;
				GCC_WARN_UNDECLARED_SELECTOR = YES;
				GCC_WARN_UNINITIALIZED_AUTOS = YES_AGGRESSIVE;
				GCC_WARN_UNUSED_FUNCTION = YES;
				GCC_WARN_UNUSED_VARIABLE = YES;
				IPHONEOS_DEPLOYMENT_TARGET = 11.4;
				MTL_ENABLE_DEBUG_INFO = NO;
				SDKROOT = iphoneos;
				SWIFT_COMPILATION_MODE = wholemodule;
				SWIFT_OPTIMIZATION_LEVEL = "-O";
				VALIDATE_PRODUCT = YES;
			};
			name = Release;
		};
		F077774420F2FC3A003D7BD8 /* Debug */ = {
			isa = XCBuildConfiguration;
			buildSettings = {
				ASSETCATALOG_COMPILER_APPICON_NAME = AppIcon;
				CODE_SIGN_ENTITLEMENTS = ExtensionTool/ExtensionTool.entitlements;
				CODE_SIGN_STYLE = Automatic;
				DEVELOPMENT_TEAM = 8W5UTYMJE7;
				INFOPLIST_FILE = ExtensionTool/Info.plist;
				IPHONEOS_DEPLOYMENT_TARGET = 9.0;
				LD_RUNPATH_SEARCH_PATHS = (
					"$(inherited)",
					"@executable_path/Frameworks",
				);
				PRODUCT_BUNDLE_IDENTIFIER = com.zcc.ExtensionTool;
				PRODUCT_NAME = "$(TARGET_NAME)";
				SWIFT_OBJC_BRIDGING_HEADER = "$(SRCROOT)/ExtensionTool/BaseViewTool/ADScrollVIew/Swift-OCHeader.h";
				SWIFT_VERSION = 4.0;
				TARGETED_DEVICE_FAMILY = 1;
			};
			name = Debug;
		};
		F077774520F2FC3A003D7BD8 /* Release */ = {
			isa = XCBuildConfiguration;
			buildSettings = {
				ASSETCATALOG_COMPILER_APPICON_NAME = AppIcon;
				CODE_SIGN_ENTITLEMENTS = ExtensionTool/ExtensionTool.entitlements;
				CODE_SIGN_STYLE = Automatic;
				DEVELOPMENT_TEAM = 8W5UTYMJE7;
				INFOPLIST_FILE = ExtensionTool/Info.plist;
				IPHONEOS_DEPLOYMENT_TARGET = 9.0;
				LD_RUNPATH_SEARCH_PATHS = (
					"$(inherited)",
					"@executable_path/Frameworks",
				);
				PRODUCT_BUNDLE_IDENTIFIER = com.zcc.ExtensionTool;
				PRODUCT_NAME = "$(TARGET_NAME)";
				SWIFT_OBJC_BRIDGING_HEADER = "$(SRCROOT)/ExtensionTool/BaseViewTool/ADScrollVIew/Swift-OCHeader.h";
				SWIFT_VERSION = 4.0;
				TARGETED_DEVICE_FAMILY = 1;
			};
			name = Release;
		};
/* End XCBuildConfiguration section */

/* Begin XCConfigurationList section */
		F077772C20F2FC39003D7BD8 /* Build configuration list for PBXProject "ExtensionTool" */ = {
			isa = XCConfigurationList;
			buildConfigurations = (
				F077774120F2FC3A003D7BD8 /* Debug */,
				F077774220F2FC3A003D7BD8 /* Release */,
			);
			defaultConfigurationIsVisible = 0;
			defaultConfigurationName = Release;
		};
		F077774320F2FC3A003D7BD8 /* Build configuration list for PBXNativeTarget "ExtensionTool" */ = {
			isa = XCConfigurationList;
			buildConfigurations = (
				F077774420F2FC3A003D7BD8 /* Debug */,
				F077774520F2FC3A003D7BD8 /* Release */,
			);
			defaultConfigurationIsVisible = 0;
			defaultConfigurationName = Release;
		};
/* End XCConfigurationList section */
	};
	rootObject = F077772920F2FC39003D7BD8 /* Project object */;
}
